
Microsoft Visual Studio Solution File, Format Version 12.00
# Visual Studio Version 17
VisualStudioVersion = 17.0.32014.148
MinimumVisualStudioVersion = 10.0.40219.1
Project("{8BC9CEB8-8B4A-11D0-8D11-00A0C91BC942}") = "155.MinStack", "155.MinStack.vcxproj", "{F386B53F-6DFB-455E-8775-01F7D762E42F}"
EndProject
Global
	GlobalSection(SolutionConfigurationPlatforms) = preSolution
		Debug|x64 = Debug|x64
		Debug|x86 = Debug|x86
		Release|x64 = Release|x64
		Release|x86 = Release|x86
	EndGlobalSection
	GlobalSection(ProjectConfigurationPlatforms) = postSolution
		{F386B53F-6DFB-455E-8775-01F7D762E42F}.Debug|x64.ActiveCfg = Debug|x64
		{F386B53F-6DFB-455E-8775-01F7D762E42F}.Debug|x64.Build.0 = Debug|x64
		{F386B53F-6DFB-455E-8775-01F7D762E42F}.Debug|x86.ActiveCfg = Debug|Win32
		{F386B53F-6DFB-455E-8775-01F7D762E42F}.Debug|x86.Build.0 = Debug|Win32
		{F386B53F-6DFB-455E-8775-01F7D762E42F}.Release|x64.ActiveCfg = Release|x64
		{F386B53F-6DFB-455E-8775-01F7D762E42F}.Release|x64.Build.0 = Release|x64
		{F386B53F-6DFB-455E-8775-01F7D762E42F}.Release|x86.ActiveCfg = Release|Win32
		{F386B53F-6DFB-455E-8775-01F7D762E42F}.Release|x86.Build.0 = Release|Win32
	EndGlobalSection
	GlobalSection(SolutionProperties) = preSolution
		HideSolutionNode = FALSE
	EndGlobalSection
	GlobalSection(ExtensibilityGlobals) = postSolution
		SolutionGuid = {D24CE87B-5654-4BE1-AF0F-3121060276A4}
	EndGlobalSection
EndGlobal
