
Microsoft Visual Studio Solution File, Format Version 12.00
# Visual Studio Version 17
VisualStudioVersion = 17.0.32014.148
MinimumVisualStudioVersion = 10.0.40219.1
Project("{8BC9CEB8-8B4A-11D0-8D11-00A0C91BC942}") = "95.UniqueBinarySearchTreesII", "95.UniqueBinarySearchTreesII.vcxproj", "{C1CFB2F4-2A9D-433E-973A-68438EE5B1F3}"
EndProject
Global
	GlobalSection(SolutionConfigurationPlatforms) = preSolution
		Debug|x64 = Debug|x64
		Debug|x86 = Debug|x86
		Release|x64 = Release|x64
		Release|x86 = Release|x86
	EndGlobalSection
	GlobalSection(ProjectConfigurationPlatforms) = postSolution
		{C1CFB2F4-2A9D-433E-973A-68438EE5B1F3}.Debug|x64.ActiveCfg = Debug|x64
		{C1CFB2F4-2A9D-433E-973A-68438EE5B1F3}.Debug|x64.Build.0 = Debug|x64
		{C1CFB2F4-2A9D-433E-973A-68438EE5B1F3}.Debug|x86.ActiveCfg = Debug|Win32
		{C1CFB2F4-2A9D-433E-973A-68438EE5B1F3}.Debug|x86.Build.0 = Debug|Win32
		{C1CFB2F4-2A9D-433E-973A-68438EE5B1F3}.Release|x64.ActiveCfg = Release|x64
		{C1CFB2F4-2A9D-433E-973A-68438EE5B1F3}.Release|x64.Build.0 = Release|x64
		{C1CFB2F4-2A9D-433E-973A-68438EE5B1F3}.Release|x86.ActiveCfg = Release|Win32
		{C1CFB2F4-2A9D-433E-973A-68438EE5B1F3}.Release|x86.Build.0 = Release|Win32
	EndGlobalSection
	GlobalSection(SolutionProperties) = preSolution
		HideSolutionNode = FALSE
	EndGlobalSection
	GlobalSection(ExtensibilityGlobals) = postSolution
		SolutionGuid = {98678809-C658-45D9-93E2-56287B693774}
	EndGlobalSection
EndGlobal
