
Microsoft Visual Studio Solution File, Format Version 12.00
# Visual Studio Version 17
VisualStudioVersion = 17.0.31912.275
MinimumVisualStudioVersion = 10.0.40219.1
Project("{8BC9CEB8-8B4A-11D0-8D11-00A0C91BC942}") = "79.WordSearch", "79.WordSearch.vcxproj", "{3117BFFD-4288-4BB6-A174-74F97D747A28}"
EndProject
Global
	GlobalSection(SolutionConfigurationPlatforms) = preSolution
		Debug|x64 = Debug|x64
		Debug|x86 = Debug|x86
		Release|x64 = Release|x64
		Release|x86 = Release|x86
	EndGlobalSection
	GlobalSection(ProjectConfigurationPlatforms) = postSolution
		{3117BFFD-4288-4BB6-A174-74F97D747A28}.Debug|x64.ActiveCfg = Debug|x64
		{3117BFFD-4288-4BB6-A174-74F97D747A28}.Debug|x64.Build.0 = Debug|x64
		{3117BFFD-4288-4BB6-A174-74F97D747A28}.Debug|x86.ActiveCfg = Debug|Win32
		{3117BFFD-4288-4BB6-A174-74F97D747A28}.Debug|x86.Build.0 = Debug|Win32
		{3117BFFD-4288-4BB6-A174-74F97D747A28}.Release|x64.ActiveCfg = Release|x64
		{3117BFFD-4288-4BB6-A174-74F97D747A28}.Release|x64.Build.0 = Release|x64
		{3117BFFD-4288-4BB6-A174-74F97D747A28}.Release|x86.ActiveCfg = Release|Win32
		{3117BFFD-4288-4BB6-A174-74F97D747A28}.Release|x86.Build.0 = Release|Win32
	EndGlobalSection
	GlobalSection(SolutionProperties) = preSolution
		HideSolutionNode = FALSE
	EndGlobalSection
	GlobalSection(ExtensibilityGlobals) = postSolution
		SolutionGuid = {0275E169-DAD3-4065-9654-974F2D7E493A}
	EndGlobalSection
EndGlobal
