
Microsoft Visual Studio Solution File, Format Version 12.00
# Visual Studio Version 17
VisualStudioVersion = 17.0.31912.275
MinimumVisualStudioVersion = 10.0.40219.1
Project("{8BC9CEB8-8B4A-11D0-8D11-00A0C91BC942}") = "关键词提取", "关键词提取.vcxproj", "{2BA24472-0CDE-4F24-9F56-C7FEE06C9FCD}"
EndProject
Global
	GlobalSection(SolutionConfigurationPlatforms) = preSolution
		Debug|x64 = Debug|x64
		Debug|x86 = Debug|x86
		Release|x64 = Release|x64
		Release|x86 = Release|x86
	EndGlobalSection
	GlobalSection(ProjectConfigurationPlatforms) = postSolution
		{2BA24472-0CDE-4F24-9F56-C7FEE06C9FCD}.Debug|x64.ActiveCfg = Debug|x64
		{2BA24472-0CDE-4F24-9F56-C7FEE06C9FCD}.Debug|x64.Build.0 = Debug|x64
		{2BA24472-0CDE-4F24-9F56-C7FEE06C9FCD}.Debug|x86.ActiveCfg = Debug|Win32
		{2BA24472-0CDE-4F24-9F56-C7FEE06C9FCD}.Debug|x86.Build.0 = Debug|Win32
		{2BA24472-0CDE-4F24-9F56-C7FEE06C9FCD}.Release|x64.ActiveCfg = Release|x64
		{2BA24472-0CDE-4F24-9F56-C7FEE06C9FCD}.Release|x64.Build.0 = Release|x64
		{2BA24472-0CDE-4F24-9F56-C7FEE06C9FCD}.Release|x86.ActiveCfg = Release|Win32
		{2BA24472-0CDE-4F24-9F56-C7FEE06C9FCD}.Release|x86.Build.0 = Release|Win32
	EndGlobalSection
	GlobalSection(SolutionProperties) = preSolution
		HideSolutionNode = FALSE
	EndGlobalSection
	GlobalSection(ExtensibilityGlobals) = postSolution
		SolutionGuid = {1D0FFA1F-4886-49C6-B919-302FCB98B479}
	EndGlobalSection
EndGlobal
