
Microsoft Visual Studio Solution File, Format Version 12.00
# Visual Studio Version 17
VisualStudioVersion = 17.0.31912.275
MinimumVisualStudioVersion = 10.0.40219.1
Project("{8BC9CEB8-8B4A-11D0-8D11-00A0C91BC942}") = "查找二叉搜索树的叶子节点", "查找二叉搜索树的叶子节点.vcxproj", "{DD7AF636-C512-4C6F-850E-D912E8EA8652}"
EndProject
Global
	GlobalSection(SolutionConfigurationPlatforms) = preSolution
		Debug|x64 = Debug|x64
		Debug|x86 = Debug|x86
		Release|x64 = Release|x64
		Release|x86 = Release|x86
	EndGlobalSection
	GlobalSection(ProjectConfigurationPlatforms) = postSolution
		{DD7AF636-C512-4C6F-850E-D912E8EA8652}.Debug|x64.ActiveCfg = Debug|x64
		{DD7AF636-C512-4C6F-850E-D912E8EA8652}.Debug|x64.Build.0 = Debug|x64
		{DD7AF636-C512-4C6F-850E-D912E8EA8652}.Debug|x86.ActiveCfg = Debug|Win32
		{DD7AF636-C512-4C6F-850E-D912E8EA8652}.Debug|x86.Build.0 = Debug|Win32
		{DD7AF636-C512-4C6F-850E-D912E8EA8652}.Release|x64.ActiveCfg = Release|x64
		{DD7AF636-C512-4C6F-850E-D912E8EA8652}.Release|x64.Build.0 = Release|x64
		{DD7AF636-C512-4C6F-850E-D912E8EA8652}.Release|x86.ActiveCfg = Release|Win32
		{DD7AF636-C512-4C6F-850E-D912E8EA8652}.Release|x86.Build.0 = Release|Win32
	EndGlobalSection
	GlobalSection(SolutionProperties) = preSolution
		HideSolutionNode = FALSE
	EndGlobalSection
	GlobalSection(ExtensibilityGlobals) = postSolution
		SolutionGuid = {9009AEC0-616D-4803-A9EB-F343AE5B40BA}
	EndGlobalSection
EndGlobal
