
Microsoft Visual Studio Solution File, Format Version 12.00
# Visual Studio Version 17
VisualStudioVersion = 17.0.32014.148
MinimumVisualStudioVersion = 10.0.40219.1
Project("{8BC9CEB8-8B4A-11D0-8D11-00A0C91BC942}") = "797.AllPathsFromSourceToTarget", "797.AllPathsFromSourceToTarget.vcxproj", "{0CCD5413-2D2B-4436-8A61-FE462CE11EED}"
EndProject
Global
	GlobalSection(SolutionConfigurationPlatforms) = preSolution
		Debug|x64 = Debug|x64
		Debug|x86 = Debug|x86
		Release|x64 = Release|x64
		Release|x86 = Release|x86
	EndGlobalSection
	GlobalSection(ProjectConfigurationPlatforms) = postSolution
		{0CCD5413-2D2B-4436-8A61-FE462CE11EED}.Debug|x64.ActiveCfg = Debug|x64
		{0CCD5413-2D2B-4436-8A61-FE462CE11EED}.Debug|x64.Build.0 = Debug|x64
		{0CCD5413-2D2B-4436-8A61-FE462CE11EED}.Debug|x86.ActiveCfg = Debug|Win32
		{0CCD5413-2D2B-4436-8A61-FE462CE11EED}.Debug|x86.Build.0 = Debug|Win32
		{0CCD5413-2D2B-4436-8A61-FE462CE11EED}.Release|x64.ActiveCfg = Release|x64
		{0CCD5413-2D2B-4436-8A61-FE462CE11EED}.Release|x64.Build.0 = Release|x64
		{0CCD5413-2D2B-4436-8A61-FE462CE11EED}.Release|x86.ActiveCfg = Release|Win32
		{0CCD5413-2D2B-4436-8A61-FE462CE11EED}.Release|x86.Build.0 = Release|Win32
	EndGlobalSection
	GlobalSection(SolutionProperties) = preSolution
		HideSolutionNode = FALSE
	EndGlobalSection
	GlobalSection(ExtensibilityGlobals) = postSolution
		SolutionGuid = {562EABE5-CA73-4E73-923A-6C2B3BE91327}
	EndGlobalSection
EndGlobal
