
Microsoft Visual Studio Solution File, Format Version 12.00
# Visual Studio Version 17
VisualStudioVersion = 17.0.32014.148
MinimumVisualStudioVersion = 10.0.40219.1
Project("{8BC9CEB8-8B4A-11D0-8D11-00A0C91BC942}") = "103.BinaryTreeZigzagLevelOrderTraversal", "103.BinaryTreeZigzagLevelOrderTraversal.vcxproj", "{56D245D6-E01E-4FDB-AF0D-CAE24437523C}"
EndProject
Global
	GlobalSection(SolutionConfigurationPlatforms) = preSolution
		Debug|x64 = Debug|x64
		Debug|x86 = Debug|x86
		Release|x64 = Release|x64
		Release|x86 = Release|x86
	EndGlobalSection
	GlobalSection(ProjectConfigurationPlatforms) = postSolution
		{56D245D6-E01E-4FDB-AF0D-CAE24437523C}.Debug|x64.ActiveCfg = Debug|x64
		{56D245D6-E01E-4FDB-AF0D-CAE24437523C}.Debug|x64.Build.0 = Debug|x64
		{56D245D6-E01E-4FDB-AF0D-CAE24437523C}.Debug|x86.ActiveCfg = Debug|Win32
		{56D245D6-E01E-4FDB-AF0D-CAE24437523C}.Debug|x86.Build.0 = Debug|Win32
		{56D245D6-E01E-4FDB-AF0D-CAE24437523C}.Release|x64.ActiveCfg = Release|x64
		{56D245D6-E01E-4FDB-AF0D-CAE24437523C}.Release|x64.Build.0 = Release|x64
		{56D245D6-E01E-4FDB-AF0D-CAE24437523C}.Release|x86.ActiveCfg = Release|Win32
		{56D245D6-E01E-4FDB-AF0D-CAE24437523C}.Release|x86.Build.0 = Release|Win32
	EndGlobalSection
	GlobalSection(SolutionProperties) = preSolution
		HideSolutionNode = FALSE
	EndGlobalSection
	GlobalSection(ExtensibilityGlobals) = postSolution
		SolutionGuid = {A98930AF-8DF9-4B91-B2D6-C06998DC294D}
	EndGlobalSection
EndGlobal
