
Microsoft Visual Studio Solution File, Format Version 12.00
# Visual Studio Version 17
VisualStudioVersion = 17.0.31912.275
MinimumVisualStudioVersion = 10.0.40219.1
Project("{8BC9CEB8-8B4A-11D0-8D11-00A0C91BC942}") = "狡猾的雇主", "狡猾的雇主.vcxproj", "{B215282D-9B52-4667-B637-DD7C5888B69A}"
EndProject
Global
	GlobalSection(SolutionConfigurationPlatforms) = preSolution
		Debug|x64 = Debug|x64
		Debug|x86 = Debug|x86
		Release|x64 = Release|x64
		Release|x86 = Release|x86
	EndGlobalSection
	GlobalSection(ProjectConfigurationPlatforms) = postSolution
		{B215282D-9B52-4667-B637-DD7C5888B69A}.Debug|x64.ActiveCfg = Debug|x64
		{B215282D-9B52-4667-B637-DD7C5888B69A}.Debug|x64.Build.0 = Debug|x64
		{B215282D-9B52-4667-B637-DD7C5888B69A}.Debug|x86.ActiveCfg = Debug|Win32
		{B215282D-9B52-4667-B637-DD7C5888B69A}.Debug|x86.Build.0 = Debug|Win32
		{B215282D-9B52-4667-B637-DD7C5888B69A}.Release|x64.ActiveCfg = Release|x64
		{B215282D-9B52-4667-B637-DD7C5888B69A}.Release|x64.Build.0 = Release|x64
		{B215282D-9B52-4667-B637-DD7C5888B69A}.Release|x86.ActiveCfg = Release|Win32
		{B215282D-9B52-4667-B637-DD7C5888B69A}.Release|x86.Build.0 = Release|Win32
	EndGlobalSection
	GlobalSection(SolutionProperties) = preSolution
		HideSolutionNode = FALSE
	EndGlobalSection
	GlobalSection(ExtensibilityGlobals) = postSolution
		SolutionGuid = {F44CDFD6-9AE1-40B4-ADF7-81E2C6B5BB8C}
	EndGlobalSection
EndGlobal
